
Microsoft Visual Studio Solution File, Format Version 12.00
# Visual Studio Version 17
VisualStudioVersion = 17.6.33829.357
MinimumVisualStudioVersion = 10.0.40219.1
Project("{9A19103F-16F7-4668-BE54-9A1E7A4F7556}") = "TestTaskShuttleX", "TestTaskShuttleX\TestTaskShuttleX.csproj", "{9D46F352-8D72-44D0-B5C4-8A02785F4336}"
EndProject
Project("{9A19103F-16F7-4668-BE54-9A1E7A4F7556}") = "TestTaskShuttleX.Core", "TestTaskShuttleX.Core\TestTaskShuttleX.Core.csproj", "{13CF72C6-F9F4-4F40-B025-B957FF32A2A9}"
EndProject
Project("{9A19103F-16F7-4668-BE54-9A1E7A4F7556}") = "TestTaskShuttleX.Infrastructure", "TestTaskShuttleX.Infrastructure\TestTaskShuttleX.Infrastructure.csproj", "{1A9C4A7B-2C69-418C-8C1B-DF517AAA56C0}"
EndProject
Project("{FAE04EC0-301F-11D3-BF4B-00C04F79EFBC}") = "TestTaskShuttleX.Test", "TestTaskShuttleX.Test\TestTaskShuttleX.Test.csproj", "{C8D54377-F018-441D-B431-1C07008E77FD}"
EndProject
Global
	GlobalSection(SolutionConfigurationPlatforms) = preSolution
		Debug|Any CPU = Debug|Any CPU
		Release|Any CPU = Release|Any CPU
	EndGlobalSection
	GlobalSection(ProjectConfigurationPlatforms) = postSolution
		{9D46F352-8D72-44D0-B5C4-8A02785F4336}.Debug|Any CPU.ActiveCfg = Debug|Any CPU
		{9D46F352-8D72-44D0-B5C4-8A02785F4336}.Debug|Any CPU.Build.0 = Debug|Any CPU
		{9D46F352-8D72-44D0-B5C4-8A02785F4336}.Release|Any CPU.ActiveCfg = Release|Any CPU
		{9D46F352-8D72-44D0-B5C4-8A02785F4336}.Release|Any CPU.Build.0 = Release|Any CPU
		{13CF72C6-F9F4-4F40-B025-B957FF32A2A9}.Debug|Any CPU.ActiveCfg = Debug|Any CPU
		{13CF72C6-F9F4-4F40-B025-B957FF32A2A9}.Debug|Any CPU.Build.0 = Debug|Any CPU
		{13CF72C6-F9F4-4F40-B025-B957FF32A2A9}.Release|Any CPU.ActiveCfg = Release|Any CPU
		{13CF72C6-F9F4-4F40-B025-B957FF32A2A9}.Release|Any CPU.Build.0 = Release|Any CPU
		{1A9C4A7B-2C69-418C-8C1B-DF517AAA56C0}.Debug|Any CPU.ActiveCfg = Debug|Any CPU
		{1A9C4A7B-2C69-418C-8C1B-DF517AAA56C0}.Debug|Any CPU.Build.0 = Debug|Any CPU
		{1A9C4A7B-2C69-418C-8C1B-DF517AAA56C0}.Release|Any CPU.ActiveCfg = Release|Any CPU
		{1A9C4A7B-2C69-418C-8C1B-DF517AAA56C0}.Release|Any CPU.Build.0 = Release|Any CPU
		{C8D54377-F018-441D-B431-1C07008E77FD}.Debug|Any CPU.ActiveCfg = Debug|Any CPU
		{C8D54377-F018-441D-B431-1C07008E77FD}.Debug|Any CPU.Build.0 = Debug|Any CPU
		{C8D54377-F018-441D-B431-1C07008E77FD}.Release|Any CPU.ActiveCfg = Release|Any CPU
		{C8D54377-F018-441D-B431-1C07008E77FD}.Release|Any CPU.Build.0 = Release|Any CPU
	EndGlobalSection
	GlobalSection(SolutionProperties) = preSolution
		HideSolutionNode = FALSE
	EndGlobalSection
	GlobalSection(ExtensibilityGlobals) = postSolution
		SolutionGuid = {DEA13C15-4BF2-4E56-889F-1B6F4D73E11F}
	EndGlobalSection
EndGlobal
